
Microsoft Visual Studio Solution File, Format Version 12.00
# Visual Studio Version 16
VisualStudioVersion = 16.0.30011.22
MinimumVisualStudioVersion = 10.0.40219.1
Project("{FAE04EC0-301F-11D3-BF4B-00C04F79EFBC}") = "DEKTL2_HOME", "DEKTL2_HOME\DEKTL2_HOME.csproj", "{56D3627C-63FA-4ED7-8ECE-8D4569DF47FF}"
EndProject
Global
	GlobalSection(SolutionConfigurationPlatforms) = preSolution
		Debug|Any CPU = Debug|Any CPU
		Release|Any CPU = Release|Any CPU
	EndGlobalSection
	GlobalSection(ProjectConfigurationPlatforms) = postSolution
		{56D3627C-63FA-4ED7-8ECE-8D4569DF47FF}.Debug|Any CPU.ActiveCfg = Debug|Any CPU
		{56D3627C-63FA-4ED7-8ECE-8D4569DF47FF}.Debug|Any CPU.Build.0 = Debug|Any CPU
		{56D3627C-63FA-4ED7-8ECE-8D4569DF47FF}.Release|Any CPU.ActiveCfg = Release|Any CPU
		{56D3627C-63FA-4ED7-8ECE-8D4569DF47FF}.Release|Any CPU.Build.0 = Release|Any CPU
	EndGlobalSection
	GlobalSection(SolutionProperties) = preSolution
		HideSolutionNode = FALSE
	EndGlobalSection
	GlobalSection(ExtensibilityGlobals) = postSolution
		SolutionGuid = {8490D289-A321-497C-B6DC-A5BAB4AC5512}
	EndGlobalSection
EndGlobal
